
Microsoft Visual Studio Solution File, Format Version 12.00
# Visual Studio 2013
VisualStudioVersion = 12.0.31101.0
MinimumVisualStudioVersion = 10.0.40219.1
Project("{F184B08F-C81C-45F6-A57F-5ABD9991F28F}") = "boutique-bicicleta-servicio", "boutique-bicicleta-servicio\boutique-bicicleta-servicio.vbproj", "{752BD007-4767-4050-B6A5-292C897098C7}"
EndProject
Project("{F184B08F-C81C-45F6-A57F-5ABD9991F28F}") = "boutique-bicicleta-entidad", "boutique-bicicleta-entidad\boutique-bicicleta-entidad.vbproj", "{B19836C7-E193-4F9D-99B3-02DB0864E11D}"
EndProject
Project("{F184B08F-C81C-45F6-A57F-5ABD9991F28F}") = "boutique-bicicleta-negocio", "boutique-bicicleta-negocio\boutique-bicicleta-negocio.vbproj", "{9609FA30-F5C0-4EB1-86C8-2CE11ED27784}"
EndProject
Project("{F184B08F-C81C-45F6-A57F-5ABD9991F28F}") = "boutique-bicicleta-conectordb", "boutique-bicicleta-conectordb\boutique-bicicleta-conectordb.vbproj", "{5611A8C4-4211-4D3A-B3B5-32B562CD7454}"
EndProject
Project("{F184B08F-C81C-45F6-A57F-5ABD9991F28F}") = "boutique-bicicleta-excepcion", "boutique-bicicleta-excepcion\boutique-bicicleta-excepcion.vbproj", "{C73A76D1-FCE1-4705-84E3-9409245294E3}"
EndProject
Project("{F184B08F-C81C-45F6-A57F-5ABD9991F28F}") = "boutique-bicicleta-utils", "boutique-bicicleta-utils\boutique-bicicleta-utils.vbproj", "{E01512C1-E8FA-4D62-94FC-C2191F8AD782}"
EndProject
Global
	GlobalSection(SolutionConfigurationPlatforms) = preSolution
		Debug|Any CPU = Debug|Any CPU
		Release|Any CPU = Release|Any CPU
	EndGlobalSection
	GlobalSection(ProjectConfigurationPlatforms) = postSolution
		{752BD007-4767-4050-B6A5-292C897098C7}.Debug|Any CPU.ActiveCfg = Debug|Any CPU
		{752BD007-4767-4050-B6A5-292C897098C7}.Debug|Any CPU.Build.0 = Debug|Any CPU
		{752BD007-4767-4050-B6A5-292C897098C7}.Release|Any CPU.ActiveCfg = Release|Any CPU
		{752BD007-4767-4050-B6A5-292C897098C7}.Release|Any CPU.Build.0 = Release|Any CPU
		{B19836C7-E193-4F9D-99B3-02DB0864E11D}.Debug|Any CPU.ActiveCfg = Debug|Any CPU
		{B19836C7-E193-4F9D-99B3-02DB0864E11D}.Debug|Any CPU.Build.0 = Debug|Any CPU
		{B19836C7-E193-4F9D-99B3-02DB0864E11D}.Release|Any CPU.ActiveCfg = Release|Any CPU
		{B19836C7-E193-4F9D-99B3-02DB0864E11D}.Release|Any CPU.Build.0 = Release|Any CPU
		{9609FA30-F5C0-4EB1-86C8-2CE11ED27784}.Debug|Any CPU.ActiveCfg = Debug|Any CPU
		{9609FA30-F5C0-4EB1-86C8-2CE11ED27784}.Debug|Any CPU.Build.0 = Debug|Any CPU
		{9609FA30-F5C0-4EB1-86C8-2CE11ED27784}.Release|Any CPU.ActiveCfg = Release|Any CPU
		{9609FA30-F5C0-4EB1-86C8-2CE11ED27784}.Release|Any CPU.Build.0 = Release|Any CPU
		{5611A8C4-4211-4D3A-B3B5-32B562CD7454}.Debug|Any CPU.ActiveCfg = Debug|Any CPU
		{5611A8C4-4211-4D3A-B3B5-32B562CD7454}.Debug|Any CPU.Build.0 = Debug|Any CPU
		{5611A8C4-4211-4D3A-B3B5-32B562CD7454}.Release|Any CPU.ActiveCfg = Release|Any CPU
		{5611A8C4-4211-4D3A-B3B5-32B562CD7454}.Release|Any CPU.Build.0 = Release|Any CPU
		{C73A76D1-FCE1-4705-84E3-9409245294E3}.Debug|Any CPU.ActiveCfg = Debug|Any CPU
		{C73A76D1-FCE1-4705-84E3-9409245294E3}.Debug|Any CPU.Build.0 = Debug|Any CPU
		{C73A76D1-FCE1-4705-84E3-9409245294E3}.Release|Any CPU.ActiveCfg = Release|Any CPU
		{C73A76D1-FCE1-4705-84E3-9409245294E3}.Release|Any CPU.Build.0 = Release|Any CPU
		{E01512C1-E8FA-4D62-94FC-C2191F8AD782}.Debug|Any CPU.ActiveCfg = Debug|Any CPU
		{E01512C1-E8FA-4D62-94FC-C2191F8AD782}.Debug|Any CPU.Build.0 = Debug|Any CPU
		{E01512C1-E8FA-4D62-94FC-C2191F8AD782}.Release|Any CPU.ActiveCfg = Release|Any CPU
		{E01512C1-E8FA-4D62-94FC-C2191F8AD782}.Release|Any CPU.Build.0 = Release|Any CPU
	EndGlobalSection
	GlobalSection(SolutionProperties) = preSolution
		HideSolutionNode = FALSE
	EndGlobalSection
EndGlobal
